# This file is autogenerated, do not edit; changes may be undone by the next 'dep ensure'.


[[projects]]
  name = "github.com/BurntSushi/toml"
  packages = ["."]
  revision = "b26d9c308763d68093482582cea63d69be07a0f0"
  version = "v0.3.0"

[[projects]]
  name = "github.com/RobotsAndPencils/buford"
  packages = ["payload","payload/badge","push"]
  revision = "1589c179b764ddceb204a439d9bf366f04c55f9b"
  version = "v0.12.0"

[[projects]]
  branch = "master"
  name = "github.com/client9/reopen"
  packages = ["."]
  revision = "1a6ccbeaae3f56aa0058f5491382cb21726e214e"

[[projects]]
  name = "github.com/davecgh/go-spew"
  packages = ["spew"]
  revision = "346938d642f2ec3594ed81d874461961cd0faa76"
  version = "v1.1.0"

[[projects]]
  name = "github.com/fukata/golang-stats-api-handler"
  packages = ["."]
  revision = "90f0b59102629831cc109845475a8d77043412ec"
  version = "v1.0.0"

[[projects]]
  name = "github.com/lestrrat/go-server-starter"
  packages = ["listener"]
  revision = "901cec093d58ca36652e8d7906e4bd3e32793801"

[[projects]]
  name = "github.com/mercari/gaurun"
  packages = ["gaurun","gcm"]
  revision = "20a59c870c933eecd818e6413768caea22ef89b9"
  version = "v0.8.1"

[[projects]]
  name = "github.com/pkg/errors"
  packages = ["."]
  revision = "645ef00459ed84a119197bfb8d8205042c6df63d"
  version = "v0.8.0"

[[projects]]
  name = "github.com/pmezard/go-difflib"
  packages = ["difflib"]
  revision = "792786c7400a136282c1664665ae0a8db921c6c2"
  version = "v1.0.0"

[[projects]]
  name = "github.com/stretchr/testify"
  packages = ["assert","require"]
  revision = "69483b4bd14f5845b5a1e55bca19e954e827f1d0"
  version = "v1.1.4"

[[projects]]
  name = "go.uber.org/atomic"
  packages = ["."]
  revision = "4e336646b2ef9fc6e47be8e21594178f98e5ebcf"
  version = "v1.2.0"

[[projects]]
  name = "go.uber.org/zap"
  packages = [".","buffer","internal/bufferpool","internal/color","internal/exit","internal/multierror","zapcore"]
  revision = "9cabc84638b70e564c3dab2766efcb1ded2aac9f"
  version = "v1.4.1"

[[projects]]
  branch = "master"
  name = "golang.org/x/net"
  packages = ["context","http2","http2/hpack","idna","lex/httplex"]
  revision = "8663ed5da4fd087c3cfb99a996e628b72e2f0948"

[[projects]]
  branch = "master"
  name = "golang.org/x/sync"
  packages = ["errgroup"]
  revision = "f52d1811a62927559de87708c8913c1650ce4f26"

[[projects]]
  branch = "master"
  name = "golang.org/x/text"
  packages = ["internal/gen","internal/triegen","internal/ucd","secure/bidirule","transform","unicode/bidi","unicode/cldr","unicode/norm","unicode/rangetable"]
  revision = "6353ef0f924300eea566d3438817aa4d3374817e"

[solve-meta]
  analyzer-name = "dep"
  analyzer-version = 1
  inputs-digest = "109ef5e1bd366d97e63ecf3207424f77a4f690ac6fae90ea48d3005eb8781e53"
  solver-name = "gps-cdcl"
  solver-version = 1
