# This file is autogenerated, do not edit; changes may be undone by the next 'dep ensure'.


[[projects]]
  digest = "1:289dd4d7abfb3ad2b5f728fbe9b1d5c1bf7d265a3eb9ef92869af1f7baba4c7a"
  name = "github.com/BurntSushi/toml"
  packages = ["."]
  pruneopts = ""
  revision = "b26d9c308763d68093482582cea63d69be07a0f0"
  version = "v0.3.0"

[[projects]]
  branch = "master"
  digest = "1:666d6afa04b47ffbb66a1ff499668e20fa8111ed80c7b8eac508ba48597c4d1c"
  name = "github.com/client9/reopen"
  packages = ["."]
  pruneopts = ""
  revision = "1a6ccbeaae3f56aa0058f5491382cb21726e214e"

[[projects]]
  digest = "1:6098222470fe0172157ce9bbef5d2200df4edde17ee649c5d6e48330e4afa4c6"
  name = "github.com/dgrijalva/jwt-go"
  packages = ["."]
  pruneopts = ""
  revision = "06ea1031745cb8b3dab3f6a236daf2b0aa468b7e"
  version = "v3.2.0"

[[projects]]
  digest = "1:467297b87f09684ce7650f2a074a05c13f91e91519606dacbb2170750b1128c0"
  name = "github.com/fukata/golang-stats-api-handler"
  packages = ["."]
  pruneopts = ""
  revision = "90f0b59102629831cc109845475a8d77043412ec"
  version = "v1.0.0"

[[projects]]
  digest = "1:c2c9c3ba8f7303d58ccb43b8da2130789025c2da920f482160b130c4b414423d"
  name = "github.com/lestrrat/go-server-starter"
  packages = ["listener"]
  pruneopts = ""
  revision = "901cec093d58ca36652e8d7906e4bd3e32793801"

[[projects]]
  digest = "1:e07b7adf1a1e6952703752ff9df44da19657b9095e8a502d9ffc8aa3a9dacd4b"
  name = "github.com/mercari/gaurun"
  packages = [
    "buford/payload",
    "buford/payload/badge",
    "buford/push",
    "buford/token",
    "gaurun",
    "gcm",
  ]
  pruneopts = ""
  revision = "8cd34fb0c738aa6ccb8dfaa7ebeac427eff95c48"
  version = "v0.13.0"

[[projects]]
  digest = "1:7365acd48986e205ccb8652cc746f09c8b7876030d53710ea6ef7d0bd0dcd7ca"
  name = "github.com/pkg/errors"
  packages = ["."]
  pruneopts = ""
  revision = "645ef00459ed84a119197bfb8d8205042c6df63d"
  version = "v0.8.0"

[[projects]]
  digest = "1:53a6fbacf8dce8fc9cbd4fab6a56eb169be7cb79b9fe601a152d6d9af68312bb"
  name = "go.uber.org/atomic"
  packages = ["."]
  pruneopts = ""
  revision = "4e336646b2ef9fc6e47be8e21594178f98e5ebcf"
  version = "v1.2.0"

[[projects]]
  digest = "1:c514e18573b26f615ec4bc688393989399b8045ff9b7879cea4b5aaa4420f834"
  name = "go.uber.org/zap"
  packages = [
    ".",
    "buffer",
    "internal/bufferpool",
    "internal/color",
    "internal/exit",
    "internal/multierror",
    "zapcore",
  ]
  pruneopts = ""
  revision = "9cabc84638b70e564c3dab2766efcb1ded2aac9f"
  version = "v1.4.1"

[[projects]]
  branch = "master"
  digest = "1:5f29ff80e013bffb9330d6c4c2fbbe4e8d7389fbcfaf993d612f3c99848c96ed"
  name = "golang.org/x/net"
  packages = ["context"]
  pruneopts = ""
  revision = "1f9224279e98554b6a6432d4dd998a739f8b2b7c"

[[projects]]
  branch = "master"
  digest = "1:4da86ac1c764621cb32bf025ed158811543958707c1b3e74bf127d26db012d52"
  name = "golang.org/x/sync"
  packages = ["errgroup"]
  pruneopts = ""
  revision = "f52d1811a62927559de87708c8913c1650ce4f26"

[solve-meta]
  analyzer-name = "dep"
  analyzer-version = 1
  input-imports = [
    "github.com/mercari/gaurun/gaurun",
    "github.com/pkg/errors",
    "go.uber.org/zap",
    "golang.org/x/sync/errgroup",
  ]
  solver-name = "gps-cdcl"
  solver-version = 1
